
Microsoft Visual Studio Solution File, Format Version 12.00
Project("{FAE04EC0-301F-11D3-BF4B-00C04F79EFBC}") = "DeforumBeatSync", "DeforumBeatSync\DeforumBeatSync.csproj", "{2188998A-ACA8-4F51-A374-556FC6237B17}"
EndProject
Project("{FAE04EC0-301F-11D3-BF4B-00C04F79EFBC}") = "DeforumBeatSync.Tests", "DeforumBeatSync.Tests\DeforumBeatSync.Tests.csproj", "{E784F3D8-E132-4281-A466-438EA9BC7DE2}"
EndProject
Global
	GlobalSection(SolutionConfigurationPlatforms) = preSolution
		Debug|Any CPU = Debug|Any CPU
		Release|Any CPU = Release|Any CPU
	EndGlobalSection
	GlobalSection(ProjectConfigurationPlatforms) = postSolution
		{2188998A-ACA8-4F51-A374-556FC6237B17}.Debug|Any CPU.ActiveCfg = Debug|Any CPU
		{2188998A-ACA8-4F51-A374-556FC6237B17}.Debug|Any CPU.Build.0 = Debug|Any CPU
		{2188998A-ACA8-4F51-A374-556FC6237B17}.Release|Any CPU.ActiveCfg = Release|Any CPU
		{2188998A-ACA8-4F51-A374-556FC6237B17}.Release|Any CPU.Build.0 = Release|Any CPU
		{E784F3D8-E132-4281-A466-438EA9BC7DE2}.Debug|Any CPU.ActiveCfg = Debug|Any CPU
		{E784F3D8-E132-4281-A466-438EA9BC7DE2}.Debug|Any CPU.Build.0 = Debug|Any CPU
		{E784F3D8-E132-4281-A466-438EA9BC7DE2}.Release|Any CPU.ActiveCfg = Release|Any CPU
		{E784F3D8-E132-4281-A466-438EA9BC7DE2}.Release|Any CPU.Build.0 = Release|Any CPU
	EndGlobalSection
EndGlobal
